lockfileVersion: '6.0'

settings:
  autoInstallPeers: true
  excludeLinksFromLockfile: false

dependencies:
  date-fns:
    specifier: ^3.3.1
    version: 3.3.1
  globby:
    specifier: ^14.0.1
    version: 14.0.1
  katex:
    specifier: ^0.16.9
    version: 0.16.9
  motion:
    specifier: ^10.17.0
    version: 10.17.0
  rehype-katex:
    specifier: ^7.0.0
    version: 7.0.0
  remark-directive:
    specifier: ^3.0.0
    version: 3.0.0
  remark-frontmatter:
    specifier: ^5.0.0
    version: 5.0.0
  remark-math:
    specifier: ^6.0.0
    version: 6.0.0
  unist-util-select:
    specifier: ^5.1.0
    version: 5.1.0
  unist-util-visit:
    specifier: ^5.0.0
    version: 5.0.0
  yaml:
    specifier: ^2.4.2
    version: 2.4.2

devDependencies:
  '@biomejs/biome':
    specifier: ^1.5.3
    version: 1.5.3
  '@types/mdast':
    specifier: ^4.0.3
    version: 4.0.3
  '@types/mdx':
    specifier: ^2.0.11
    version: 2.0.11
  '@types/node':
    specifier: ^20.11.20
    version: 20.11.20
  aws-cdk:
    specifier: ^2.130.0
    version: 2.130.0
  aws-cdk-lib:
    specifier: ^2.130.0
    version: 2.130.0(constructs@10.3.0)
  constructs:
    specifier: ^10.3.0
    version: 10.3.0
  mdast-util-directive:
    specifier: ^3.0.0
    version: 3.0.0
  prettier:
    specifier: ^3.2.5
    version: 3.2.5
  remark:
    specifier: ^15.0.1
    version: 15.0.1
  soar:
    specifier: link:../soar
    version: link:../soar
  typescript:
    specifier: ^5.3.3
    version: 5.3.3
  unified:
    specifier: ^11.0.4
    version: 11.0.4

packages:

  /@aws-cdk/asset-awscli-v1@2.2.202:
    resolution: {integrity: sha512-JqlF0D4+EVugnG5dAsNZMqhu3HW7ehOXm5SDMxMbXNDMdsF0pxtQKNHRl52z1U9igsHmaFpUgSGjbhAJ+0JONg==}
    dev: true

  /@aws-cdk/asset-kubectl-v20@2.1.2:
    resolution: {integrity: sha512-3M2tELJOxQv0apCIiuKQ4pAbncz9GuLwnKFqxifWfe77wuMxyTRPmxssYHs42ePqzap1LT6GDcPygGs+hHstLg==}
    dev: true

  /@aws-cdk/asset-node-proxy-agent-v6@2.0.1:
    resolution: {integrity: sha512-DDt4SLdLOwWCjGtltH4VCST7hpOI5DzieuhGZsBpZ+AgJdSI2GCjklCXm0GCTwJG/SolkL5dtQXyUKgg9luBDg==}
    dev: true

  /@biomejs/biome@1.5.3:
    resolution: {integrity: sha512-yvZCa/g3akwTaAQ7PCwPWDCkZs3Qa5ONg/fgOUT9e6wAWsPftCjLQFPXBeGxPK30yZSSpgEmRCfpGTmVbUjGgg==}
    engines: {node: '>=14.*'}
    hasBin: true
    requiresBuild: true
    optionalDependencies:
      '@biomejs/cli-darwin-arm64': 1.5.3
      '@biomejs/cli-darwin-x64': 1.5.3
      '@biomejs/cli-linux-arm64': 1.5.3
      '@biomejs/cli-linux-arm64-musl': 1.5.3
      '@biomejs/cli-linux-x64': 1.5.3
      '@biomejs/cli-linux-x64-musl': 1.5.3
      '@biomejs/cli-win32-arm64': 1.5.3
      '@biomejs/cli-win32-x64': 1.5.3
    dev: true

  /@biomejs/cli-darwin-arm64@1.5.3:
    resolution: {integrity: sha512-ImU7mh1HghEDyqNmxEZBoMPr8SxekkZuYcs+gynKlNW+TALQs7swkERiBLkG9NR0K1B3/2uVzlvYowXrmlW8hw==}
    engines: {node: '>=14.*'}
    cpu: [arm64]
    os: [darwin]
    requiresBuild: true
    dev: true
    optional: true

  /@biomejs/cli-darwin-x64@1.5.3:
    resolution: {integrity: sha512-vCdASqYnlpq/swErH7FD6nrFz0czFtK4k/iLgj0/+VmZVjineFPgevOb+Sr9vz0tk0GfdQO60bSpI74zU8M9Dw==}
    engines: {node: '>=14.*'}
    cpu: [x64]
    os: [darwin]
    requiresBuild: true
    dev: true
    optional: true

  /@biomejs/cli-linux-arm64-musl@1.5.3:
    resolution: {integrity: sha512-DYuMizUYUBYfS0IHGjDrOP1RGipqWfMGEvNEJ398zdtmCKLXaUvTimiox5dvx4X15mBK5M2m8wgWUgOP1giUpQ==}
    engines: {node: '>=14.*'}
    cpu: [arm64]
    os: [linux]
    requiresBuild: true
    dev: true
    optional: true

  /@biomejs/cli-linux-arm64@1.5.3:
    resolution: {integrity: sha512-cupBQv0sNF1OKqBfx7EDWMSsKwRrBUZfjXawT4s6hKV6ALq7p0QzWlxr/sDmbKMLOaLQtw2Qgu/77N9rm+f9Rg==}
    engines: {node: '>=14.*'}
    cpu: [arm64]
    os: [linux]
    requiresBuild: true
    dev: true
    optional: true

  /@biomejs/cli-linux-x64-musl@1.5.3:
    resolution: {integrity: sha512-UUHiAnlDqr2Y/LpvshBFhUYMWkl2/Jn+bi3U6jKuav0qWbbBKU/ByHgR4+NBxpKBYoCtWxhnmatfH1bpPIuZMw==}
    engines: {node: '>=14.*'}
    cpu: [x64]
    os: [linux]
    requiresBuild: true
    dev: true
    optional: true

  /@biomejs/cli-linux-x64@1.5.3:
    resolution: {integrity: sha512-YQrSArQvcv4FYsk7Q91Yv4uuu5F8hJyORVcv3zsjCLGkjIjx2RhjYLpTL733SNL7v33GmOlZY0eFR1ko38tuUw==}
    engines: {node: '>=14.*'}
    cpu: [x64]
    os: [linux]
    requiresBuild: true
    dev: true
    optional: true

  /@biomejs/cli-win32-arm64@1.5.3:
    resolution: {integrity: sha512-HxatYH7vf/kX9nrD+pDYuV2GI9GV8EFo6cfKkahAecTuZLPxryHx1WEfJthp5eNsE0+09STGkKIKjirP0ufaZA==}
    engines: {node: '>=14.*'}
    cpu: [arm64]
    os: [win32]
    requiresBuild: true
    dev: true
    optional: true

  /@biomejs/cli-win32-x64@1.5.3:
    resolution: {integrity: sha512-fMvbSouZEASU7mZH8SIJSANDm5OqsjgtVXlbUqxwed6BP7uuHRSs396Aqwh2+VoW8fwTpp6ybIUoC9FrzB0kyA==}
    engines: {node: '>=14.*'}
    cpu: [x64]
    os: [win32]
    requiresBuild: true
    dev: true
    optional: true

  /@motionone/animation@10.17.0:
    resolution: {integrity: sha512-ANfIN9+iq1kGgsZxs+Nz96uiNcPLGTXwfNo2Xz/fcJXniPYpaz/Uyrfa+7I5BPLxCP82sh7quVDudf1GABqHbg==}
    dependencies:
      '@motionone/easing': 10.17.0
      '@motionone/types': 10.17.0
      '@motionone/utils': 10.17.0
      tslib: 2.6.2
    dev: false

  /@motionone/dom@10.17.0:
    resolution: {integrity: sha512-cMm33swRlCX/qOPHWGbIlCl0K9Uwi6X5RiL8Ma6OrlJ/TP7Q+Np5GE4xcZkFptysFjMTi4zcZzpnNQGQ5D6M0Q==}
    dependencies:
      '@motionone/animation': 10.17.0
      '@motionone/generators': 10.17.0
      '@motionone/types': 10.17.0
      '@motionone/utils': 10.17.0
      hey-listen: 1.0.8
      tslib: 2.6.2
    dev: false

  /@motionone/easing@10.17.0:
    resolution: {integrity: sha512-Bxe2wSuLu/qxqW4rBFS5m9tMLOw+QBh8v5A7Z5k4Ul4sTj5jAOfZG5R0bn5ywmk+Fs92Ij1feZ5pmC4TeXA8Tg==}
    dependencies:
      '@motionone/utils': 10.17.0
      tslib: 2.6.2
    dev: false

  /@motionone/generators@10.17.0:
    resolution: {integrity: sha512-T6Uo5bDHrZWhIfxG/2Aut7qyWQyJIWehk6OB4qNvr/jwA/SRmixwbd7SOrxZi1z5rH3LIeFFBKK1xHnSbGPZSQ==}
    dependencies:
      '@motionone/types': 10.17.0
      '@motionone/utils': 10.17.0
      tslib: 2.6.2
    dev: false

  /@motionone/types@10.17.0:
    resolution: {integrity: sha512-EgeeqOZVdRUTEHq95Z3t8Rsirc7chN5xFAPMYFobx8TPubkEfRSm5xihmMUkbaR2ErKJTUw3347QDPTHIW12IA==}
    dev: false

  /@motionone/utils@10.17.0:
    resolution: {integrity: sha512-bGwrki4896apMWIj9yp5rAS2m0xyhxblg6gTB/leWDPt+pb410W8lYWsxyurX+DH+gO1zsQsfx2su/c1/LtTpg==}
    dependencies:
      '@motionone/types': 10.17.0
      hey-listen: 1.0.8
      tslib: 2.6.2
    dev: false

  /@nodelib/fs.scandir@2.1.5:
    resolution: {integrity: sha512-vq24Bq3ym5HEQm2NKCr3yXDwjc7vTsEThRDnkp2DK9p1uqLR+DHurm/NOTo0KG7HYHU7eppKZj3MyqYuMBf62g==}
    engines: {node: '>= 8'}
    dependencies:
      '@nodelib/fs.stat': 2.0.5
      run-parallel: 1.2.0
    dev: false

  /@nodelib/fs.stat@2.0.5:
    resolution: {integrity: sha512-RkhPPp2zrqDAQA/2jNhnztcPAlv64XdhIp7a7454A5ovI7Bukxgt7MX7udwAu3zg1DcpPU0rz3VV1SeaqvY4+A==}
    engines: {node: '>= 8'}
    dev: false

  /@nodelib/fs.walk@1.2.8:
    resolution: {integrity: sha512-oGB+UxlgWcgQkgwo8GcEGwemoTFt3FIO9ababBmaGwXIoBKZ+GTy0pP185beGg7Llih/NSHSV2XAs1lnznocSg==}
    engines: {node: '>= 8'}
    dependencies:
      '@nodelib/fs.scandir': 2.1.5
      fastq: 1.17.1
    dev: false

  /@sindresorhus/merge-streams@2.3.0:
    resolution: {integrity: sha512-LtoMMhxAlorcGhmFYI+LhPgbPZCkgP6ra1YL604EeF6U98pLlQ3iWIGMdWSC+vWmPBWBNgmDBAhnAobLROJmwg==}
    engines: {node: '>=18'}
    dev: false

  /@types/debug@4.1.12:
    resolution: {integrity: sha512-vIChWdVG3LG1SMxEvI/AK+FWJthlrqlTu7fbrlywTkkaONwk/UAGaULXRlf8vkzFBLVm0zkMdCquhL5aOjhXPQ==}
    dependencies:
      '@types/ms': 0.7.34

  /@types/hast@3.0.4:
    resolution: {integrity: sha512-WPs+bbQw5aCj+x6laNGWLH3wviHtoCv/P3+otBhbOhJgG8qtpdAMlTCxLtsTWA7LH1Oh/bFCHsBn0TPS5m30EQ==}
    dependencies:
      '@types/unist': 3.0.2
    dev: false

  /@types/katex@0.16.7:
    resolution: {integrity: sha512-HMwFiRujE5PjrgwHQ25+bsLJgowjGjm5Z8FVSf0N6PwgJrwxH0QxzHYDcKsTfV3wva0vzrpqMTJS2jXPr5BMEQ==}
    dev: false

  /@types/mdast@4.0.3:
    resolution: {integrity: sha512-LsjtqsyF+d2/yFOYaN22dHZI1Cpwkrj+g06G8+qtUKlhovPW89YhqSnfKtMbkgmEtYpH2gydRNULd6y8mciAFg==}
    dependencies:
      '@types/unist': 3.0.2

  /@types/mdx@2.0.11:
    resolution: {integrity: sha512-HM5bwOaIQJIQbAYfax35HCKxx7a3KrK3nBtIqJgSOitivTD1y3oW9P3rxY9RkXYPUk7y/AjAohfHKmFpGE79zw==}
    dev: true

  /@types/ms@0.7.34:
    resolution: {integrity: sha512-nG96G3Wp6acyAgJqGasjODb+acrI7KltPiRxzHPXnP3NgI28bpQDRv53olbqGXbfcgF5aiiHmO3xpwEpS5Ld9g==}

  /@types/node@20.11.20:
    resolution: {integrity: sha512-7/rR21OS+fq8IyHTgtLkDK949uzsa6n8BkziAKtPVpugIkO6D+/ooXMvzXxDnZrmtXVfjb1bKQafYpb8s89LOg==}
    dependencies:
      undici-types: 5.26.5
    dev: true

  /@types/unist@2.0.10:
    resolution: {integrity: sha512-IfYcSBWE3hLpBg8+X2SEa8LVkJdJEkT2Ese2aaLs3ptGdVtABxndrMaxuFlQ1qdFf9Q5rDvDpxI3WwgvKFAsQA==}

  /@types/unist@3.0.2:
    resolution: {integrity: sha512-dqId9J8K/vGi5Zr7oo212BGii5m3q5Hxlkwy3WpYuKPklmBEvsbMYYyLxAQpSffdLl/gdW0XUpKWFvYmyoWCoQ==}

  /aws-cdk-lib@2.130.0(constructs@10.3.0):
    resolution: {integrity: sha512-yK7ibePipdjlI4AFM94fwwtsCkmpWJ0JFZTMPahahC/3Pxe/BA/nnI/4Namvl5QPxW5QlU0xQYU7cywioq3RQg==}
    engines: {node: '>= 14.15.0'}
    peerDependencies:
      constructs: ^10.0.0
    dependencies:
      '@aws-cdk/asset-awscli-v1': 2.2.202
      '@aws-cdk/asset-kubectl-v20': 2.1.2
      '@aws-cdk/asset-node-proxy-agent-v6': 2.0.1
      constructs: 10.3.0
    dev: true
    bundledDependencies:
      - '@balena/dockerignore'
      - case
      - fs-extra
      - ignore
      - jsonschema
      - minimatch
      - punycode
      - semver
      - table
      - yaml
      - mime-types

  /aws-cdk@2.130.0:
    resolution: {integrity: sha512-MsjGzQ2kZv0FEfXvpW7FTJRnefew0GrYt9M2SMN2Yn45+yjugGl2X8to416kABeFz1OFqW56hq8Y5BiLuFDVLQ==}
    engines: {node: '>= 14.15.0'}
    hasBin: true
    optionalDependencies:
      fsevents: 2.3.2
    dev: true

  /bail@2.0.2:
    resolution: {integrity: sha512-0xO6mYd7JB2YesxDKplafRpsiOzPt9V02ddPCLbY1xYGPOX24NTyN50qnUxgCPcSoYMhKpAuBTjQoRZCAkUDRw==}

  /boolbase@1.0.0:
    resolution: {integrity: sha512-JZOSA7Mo9sNGB8+UjSgzdLtokWAky1zbztM3WRLCbZ70/3cTANmQmOdR7y2g+J0e2WXywy1yS468tY+IruqEww==}
    dev: false

  /braces@3.0.2:
    resolution: {integrity: sha512-b8um+L1RzM3WDSzvhm6gIz1yfTbBt6YTlcEKAvsmqCZZFw46z626lVj9j1yEPW33H5H+lBQpZMP1k8l+78Ha0A==}
    engines: {node: '>=8'}
    dependencies:
      fill-range: 7.0.1
    dev: false

  /character-entities-html4@2.1.0:
    resolution: {integrity: sha512-1v7fgQRj6hnSwFpq1Eu0ynr/CDEw0rXo2B61qXrLNdHZmPKgb7fqS1a2JwF0rISo9q77jDI8VMEHoApn8qDoZA==}

  /character-entities-legacy@3.0.0:
    resolution: {integrity: sha512-RpPp0asT/6ufRm//AJVwpViZbGM/MkjQFxJccQRHmISF/22NBtsHqAWmL+/pmkPWoIUJdWyeVleTl1wydHATVQ==}

  /character-entities@2.0.2:
    resolution: {integrity: sha512-shx7oQ0Awen/BRIdkjkvz54PnEEI/EjwXDSIZp86/KKdbafHh1Df/RYGBhn4hbe2+uKC9FnT5UCEdyPz3ai9hQ==}

  /character-reference-invalid@2.0.1:
    resolution: {integrity: sha512-iBZ4F4wRbyORVsu0jPV7gXkOsGYjGHPmAyv+HiHG8gi5PtC9KI2j1+v8/tlibRvjoWX027ypmG/n0HtO5t7unw==}

  /comma-separated-tokens@2.0.3:
    resolution: {integrity: sha512-Fu4hJdvzeylCfQPp9SGWidpzrMs7tTrlu6Vb8XGaRGck8QSNZJJp538Wrb60Lax4fPwR64ViY468OIUTbRlGZg==}
    dev: false

  /commander@8.3.0:
    resolution: {integrity: sha512-OkTL9umf+He2DZkUq8f8J9of7yL6RJKI24dVITBmNfZBmri9zYZQrKkuXiKhyfPSu8tUhnVBB1iKXevvnlR4Ww==}
    engines: {node: '>= 12'}
    dev: false

  /constructs@10.3.0:
    resolution: {integrity: sha512-vbK8i3rIb/xwZxSpTjz3SagHn1qq9BChLEfy5Hf6fB3/2eFbrwt2n9kHwQcS0CPTRBesreeAcsJfMq2229FnbQ==}
    engines: {node: '>= 16.14.0'}
    dev: true

  /css-selector-parser@3.0.5:
    resolution: {integrity: sha512-3itoDFbKUNx1eKmVpYMFyqKX04Ww9osZ+dLgrk6GEv6KMVeXUhUnp4I5X+evw+u3ZxVU6RFXSSRxlTeMh8bA+g==}
    dev: false

  /date-fns@3.3.1:
    resolution: {integrity: sha512-y8e109LYGgoQDveiEBD3DYXKba1jWf5BA8YU1FL5Tvm0BTdEfy54WLCwnuYWZNnzzvALy/QQ4Hov+Q9RVRv+Zw==}
    dev: false

  /debug@4.3.4:
    resolution: {integrity: sha512-PRWFHuSU3eDtQJPvnNY7Jcket1j0t5OuOsFzPPzsekD52Zl8qUfFIPEiswXqIvHWGVHOgX+7G/vCNNhehwxfkQ==}
    engines: {node: '>=6.0'}
    peerDependencies:
      supports-color: '*'
    peerDependenciesMeta:
      supports-color:
        optional: true
    dependencies:
      ms: 2.1.2

  /decode-named-character-reference@1.0.2:
    resolution: {integrity: sha512-O8x12RzrUF8xyVcY0KJowWsmaJxQbmy0/EtnNtHRpsOcT7dFk5W598coHqBVpmWo1oQQfsCqfCmkZN5DJrZVdg==}
    dependencies:
      character-entities: 2.0.2

  /dequal@2.0.3:
    resolution: {integrity: sha512-0je+qPKHEMohvfRTCEo3CrPG6cAzAYgmzKyxRiYSSDkS6eGJdyVJm7WaYA5ECaAD9wLB2T4EEeymA5aFVcYXCA==}
    engines: {node: '>=6'}

  /devlop@1.1.0:
    resolution: {integrity: sha512-RWmIqhcFf1lRYBvNmr7qTNuyCt/7/ns2jbpp1+PalgE/rDQcBT0fioSMUpJ93irlUhC5hrg4cYqe6U+0ImW0rA==}
    dependencies:
      dequal: 2.0.3

  /entities@4.5.0:
    resolution: {integrity: sha512-V0hjH4dGPh9Ao5p0MoRY6BVqtwCjhz6vI5LT8AJ55H+4g9/4vbHx1I54fS0XuclLhDHArPQCiMjDxjaL8fPxhw==}
    engines: {node: '>=0.12'}
    dev: false

  /escape-string-regexp@5.0.0:
    resolution: {integrity: sha512-/veY75JbMK4j1yjvuUxuVsiS/hr/4iHs9FTT6cgTexxdE0Ly/glccBAkloH/DofkjRbZU3bnoj38mOmhkZ0lHw==}
    engines: {node: '>=12'}
    dev: false

  /extend@3.0.2:
    resolution: {integrity: sha512-fjquC59cD7CyW6urNXK0FBufkZcoiGG80wTuPujX590cB5Ttln20E2UB4S/WARVqhXffZl2LNgS+gQdPIIim/g==}

  /fast-glob@3.3.2:
    resolution: {integrity: sha512-oX2ruAFQwf/Orj8m737Y5adxDQO0LAB7/S5MnxCdTNDd4p6BsyIVsv9JQsATbTSq8KHRpLwIHbVlUNatxd+1Ow==}
    engines: {node: '>=8.6.0'}
    dependencies:
      '@nodelib/fs.stat': 2.0.5
      '@nodelib/fs.walk': 1.2.8
      glob-parent: 5.1.2
      merge2: 1.4.1
      micromatch: 4.0.5
    dev: false

  /fastq@1.17.1:
    resolution: {integrity: sha512-sRVD3lWVIXWg6By68ZN7vho9a1pQcN/WBFaAAsDDFzlJjvoGx0P8z7V1t72grFJfJhu3YPZBuu25f7Kaw2jN1w==}
    dependencies:
      reusify: 1.0.4
    dev: false

  /fault@2.0.1:
    resolution: {integrity: sha512-WtySTkS4OKev5JtpHXnib4Gxiurzh5NCGvWrFaZ34m6JehfTUhKZvn9njTfw48t6JumVQOmrKqpmGcdwxnhqBQ==}
    dependencies:
      format: 0.2.2
    dev: false

  /fill-range@7.0.1:
    resolution: {integrity: sha512-qOo9F+dMUmC2Lcb4BbVvnKJxTPjCm+RRpe4gDuGrzkL7mEVl/djYSu2OdQ2Pa302N4oqkSg9ir6jaLWJ2USVpQ==}
    engines: {node: '>=8'}
    dependencies:
      to-regex-range: 5.0.1
    dev: false

  /format@0.2.2:
    resolution: {integrity: sha512-wzsgA6WOq+09wrU1tsJ09udeR/YZRaeArL9e1wPbFg3GG2yDnC2ldKpxs4xunpFF9DgqCqOIra3bc1HWrJ37Ww==}
    engines: {node: '>=0.4.x'}
    dev: false

  /fsevents@2.3.2:
    resolution: {integrity: sha512-xiqMQR4xAeHTuB9uWm+fFRcIOgKBMiOBP+eXiyT7jsgVCq1bkVygt00oASowB7EdtpOHaaPgKt812P9ab+DDKA==}
    engines: {node: ^8.16.0 || ^10.6.0 || >=11.0.0}
    os: [darwin]
    requiresBuild: true
    dev: true
    optional: true

  /glob-parent@5.1.2:
    resolution: {integrity: sha512-AOIgSQCepiJYwP3ARnGx+5VnTu2HBYdzbGP45eLw1vr3zB3vZLeyed1sC9hnbcOc9/SrMyM5RPQrkGz4aS9Zow==}
    engines: {node: '>= 6'}
    dependencies:
      is-glob: 4.0.3
    dev: false

  /globby@14.0.1:
    resolution: {integrity: sha512-jOMLD2Z7MAhyG8aJpNOpmziMOP4rPLcc95oQPKXBazW82z+CEgPFBQvEpRUa1KeIMUJo4Wsm+q6uzO/Q/4BksQ==}
    engines: {node: '>=18'}
    dependencies:
      '@sindresorhus/merge-streams': 2.3.0
      fast-glob: 3.3.2
      ignore: 5.3.1
      path-type: 5.0.0
      slash: 5.1.0
      unicorn-magic: 0.1.0
    dev: false

  /hast-util-from-dom@5.0.0:
    resolution: {integrity: sha512-d6235voAp/XR3Hh5uy7aGLbM3S4KamdW0WEgOaU1YoewnuYw4HXb5eRtv9g65m/RFGEfUY1Mw4UqCc5Y8L4Stg==}
    dependencies:
      '@types/hast': 3.0.4
      hastscript: 8.0.0
      web-namespaces: 2.0.1
    dev: false

  /hast-util-from-html-isomorphic@2.0.0:
    resolution: {integrity: sha512-zJfpXq44yff2hmE0XmwEOzdWin5xwH+QIhMLOScpX91e/NSGPsAzNCvLQDIEPyO2TXi+lBmU6hjLIhV8MwP2kw==}
    dependencies:
      '@types/hast': 3.0.4
      hast-util-from-dom: 5.0.0
      hast-util-from-html: 2.0.1
      unist-util-remove-position: 5.0.0
    dev: false

  /hast-util-from-html@2.0.1:
    resolution: {integrity: sha512-RXQBLMl9kjKVNkJTIO6bZyb2n+cUH8LFaSSzo82jiLT6Tfc+Pt7VQCS+/h3YwG4jaNE2TA2sdJisGWR+aJrp0g==}
    dependencies:
      '@types/hast': 3.0.4
      devlop: 1.1.0
      hast-util-from-parse5: 8.0.1
      parse5: 7.1.2
      vfile: 6.0.1
      vfile-message: 4.0.2
    dev: false

  /hast-util-from-parse5@8.0.1:
    resolution: {integrity: sha512-Er/Iixbc7IEa7r/XLtuG52zoqn/b3Xng/w6aZQ0xGVxzhw5xUFxcRqdPzP6yFi/4HBYRaifaI5fQ1RH8n0ZeOQ==}
    dependencies:
      '@types/hast': 3.0.4
      '@types/unist': 3.0.2
      devlop: 1.1.0
      hastscript: 8.0.0
      property-information: 6.4.1
      vfile: 6.0.1
      vfile-location: 5.0.2
      web-namespaces: 2.0.1
    dev: false

  /hast-util-is-element@3.0.0:
    resolution: {integrity: sha512-Val9mnv2IWpLbNPqc/pUem+a7Ipj2aHacCwgNfTiK0vJKl0LF+4Ba4+v1oPHFpf3bLYmreq0/l3Gud9S5OH42g==}
    dependencies:
      '@types/hast': 3.0.4
    dev: false

  /hast-util-parse-selector@4.0.0:
    resolution: {integrity: sha512-wkQCkSYoOGCRKERFWcxMVMOcYE2K1AaNLU8DXS9arxnLOUEWbOXKXiJUNzEpqZ3JOKpnha3jkFrumEjVliDe7A==}
    dependencies:
      '@types/hast': 3.0.4
    dev: false

  /hast-util-to-text@4.0.0:
    resolution: {integrity: sha512-EWiE1FSArNBPUo1cKWtzqgnuRQwEeQbQtnFJRYV1hb1BWDgrAlBU0ExptvZMM/KSA82cDpm2sFGf3Dmc5Mza3w==}
    dependencies:
      '@types/hast': 3.0.4
      '@types/unist': 3.0.2
      hast-util-is-element: 3.0.0
      unist-util-find-after: 5.0.0
    dev: false

  /hastscript@8.0.0:
    resolution: {integrity: sha512-dMOtzCEd3ABUeSIISmrETiKuyydk1w0pa+gE/uormcTpSYuaNJPbX1NU3JLyscSLjwAQM8bWMhhIlnCqnRvDTw==}
    dependencies:
      '@types/hast': 3.0.4
      comma-separated-tokens: 2.0.3
      hast-util-parse-selector: 4.0.0
      property-information: 6.4.1
      space-separated-tokens: 2.0.2
    dev: false

  /hey-listen@1.0.8:
    resolution: {integrity: sha512-COpmrF2NOg4TBWUJ5UVyaCU2A88wEMkUPK4hNqyCkqHbxT92BbvfjoSozkAIIm6XhicGlJHhFdullInrdhwU8Q==}
    dev: false

  /ignore@5.3.1:
    resolution: {integrity: sha512-5Fytz/IraMjqpwfd34ke28PTVMjZjJG2MPn5t7OE4eUCUNf8BAa7b5WUS9/Qvr6mwOQS7Mk6vdsMno5he+T8Xw==}
    engines: {node: '>= 4'}
    dev: false

  /is-alphabetical@2.0.1:
    resolution: {integrity: sha512-FWyyY60MeTNyeSRpkM2Iry0G9hpr7/9kD40mD/cGQEuilcZYS4okz8SN2Q6rLCJ8gbCt6fN+rC+6tMGS99LaxQ==}

  /is-alphanumerical@2.0.1:
    resolution: {integrity: sha512-hmbYhX/9MUMF5uh7tOXyK/n0ZvWpad5caBA17GsC6vyuCqaWliRG5K1qS9inmUhEMaOBIW7/whAnSwveW/LtZw==}
    dependencies:
      is-alphabetical: 2.0.1
      is-decimal: 2.0.1

  /is-decimal@2.0.1:
    resolution: {integrity: sha512-AAB9hiomQs5DXWcRB1rqsxGUstbRroFOPPVAomNk/3XHR5JyEZChOyTWe2oayKnsSsr/kcGqF+z6yuH6HHpN0A==}

  /is-extglob@2.1.1:
    resolution: {integrity: sha512-SbKbANkN603Vi4jEZv49LeVJMn4yGwsbzZworEoyEiutsN3nJYdbO36zfhGJ6QEDpOZIFkDtnq5JRxmvl3jsoQ==}
    engines: {node: '>=0.10.0'}
    dev: false

  /is-glob@4.0.3:
    resolution: {integrity: sha512-xelSayHH36ZgE7ZWhli7pW34hNbNl8Ojv5KVmkJD4hBdD3th8Tfk9vYasLM+mXWOZhFkgZfxhLSnrwRr4elSSg==}
    engines: {node: '>=0.10.0'}
    dependencies:
      is-extglob: 2.1.1
    dev: false

  /is-hexadecimal@2.0.1:
    resolution: {integrity: sha512-DgZQp241c8oO6cA1SbTEWiXeoxV42vlcJxgH+B3hi1AiqqKruZR3ZGF8In3fj4+/y/7rHvlOZLZtgJ/4ttYGZg==}

  /is-number@7.0.0:
    resolution: {integrity: sha512-41Cifkg6e8TylSpdtTpeLVMqvSBEVzTttHvERD741+pnZ8ANv0004MRL43QKPDlK9cGvNp6NZWZUBlbGXYxxng==}
    engines: {node: '>=0.12.0'}
    dev: false

  /is-plain-obj@4.1.0:
    resolution: {integrity: sha512-+Pgi+vMuUNkJyExiMBt5IlFoMyKnr5zhJ4Uspz58WOhBF5QoIZkFyNHIbBAtHwzVAgk5RtndVNsDRN61/mmDqg==}
    engines: {node: '>=12'}

  /katex@0.16.9:
    resolution: {integrity: sha512-fsSYjWS0EEOwvy81j3vRA8TEAhQhKiqO+FQaKWp0m39qwOzHVBgAUBIXWj1pB+O2W3fIpNa6Y9KSKCVbfPhyAQ==}
    hasBin: true
    dependencies:
      commander: 8.3.0
    dev: false

  /longest-streak@3.1.0:
    resolution: {integrity: sha512-9Ri+o0JYgehTaVBBDoMqIl8GXtbWg711O3srftcHhZ0dqnETqLaoIK0x17fUw9rFSlK/0NlsKe0Ahhyl5pXE2g==}

  /mdast-util-directive@3.0.0:
    resolution: {integrity: sha512-JUpYOqKI4mM3sZcNxmF/ox04XYFFkNwr0CFlrQIkCwbvH0xzMCqkMqAde9wRd80VAhaUrwFwKm2nxretdT1h7Q==}
    dependencies:
      '@types/mdast': 4.0.3
      '@types/unist': 3.0.2
      devlop: 1.1.0
      mdast-util-from-markdown: 2.0.0
      mdast-util-to-markdown: 2.1.0
      parse-entities: 4.0.1
      stringify-entities: 4.0.3
      unist-util-visit-parents: 6.0.1
    transitivePeerDependencies:
      - supports-color

  /mdast-util-from-markdown@2.0.0:
    resolution: {integrity: sha512-n7MTOr/z+8NAX/wmhhDji8O3bRvPTV/U0oTCaZJkjhPSKTPhS3xufVhKGF8s1pJ7Ox4QgoIU7KHseh09S+9rTA==}
    dependencies:
      '@types/mdast': 4.0.3
      '@types/unist': 3.0.2
      decode-named-character-reference: 1.0.2
      devlop: 1.1.0
      mdast-util-to-string: 4.0.0
      micromark: 4.0.0
      micromark-util-decode-numeric-character-reference: 2.0.1
      micromark-util-decode-string: 2.0.0
      micromark-util-normalize-identifier: 2.0.0
      micromark-util-symbol: 2.0.0
      micromark-util-types: 2.0.0
      unist-util-stringify-position: 4.0.0
    transitivePeerDependencies:
      - supports-color

  /mdast-util-frontmatter@2.0.1:
    resolution: {integrity: sha512-LRqI9+wdgC25P0URIJY9vwocIzCcksduHQ9OF2joxQoyTNVduwLAFUzjoopuRJbJAReaKrNQKAZKL3uCMugWJA==}
    dependencies:
      '@types/mdast': 4.0.3
      devlop: 1.1.0
      escape-string-regexp: 5.0.0
      mdast-util-from-markdown: 2.0.0
      mdast-util-to-markdown: 2.1.0
      micromark-extension-frontmatter: 2.0.0
    transitivePeerDependencies:
      - supports-color
    dev: false

  /mdast-util-math@3.0.0:
    resolution: {integrity: sha512-Tl9GBNeG/AhJnQM221bJR2HPvLOSnLE/T9cJI9tlc6zwQk2nPk/4f0cHkOdEixQPC/j8UtKDdITswvLAy1OZ1w==}
    dependencies:
      '@types/hast': 3.0.4
      '@types/mdast': 4.0.3
      devlop: 1.1.0
      longest-streak: 3.1.0
      mdast-util-from-markdown: 2.0.0
      mdast-util-to-markdown: 2.1.0
      unist-util-remove-position: 5.0.0
    transitivePeerDependencies:
      - supports-color
    dev: false

  /mdast-util-phrasing@4.1.0:
    resolution: {integrity: sha512-TqICwyvJJpBwvGAMZjj4J2n0X8QWp21b9l0o7eXyVJ25YNWYbJDVIyD1bZXE6WtV6RmKJVYmQAKWa0zWOABz2w==}
    dependencies:
      '@types/mdast': 4.0.3
      unist-util-is: 6.0.0

  /mdast-util-to-markdown@2.1.0:
    resolution: {integrity: sha512-SR2VnIEdVNCJbP6y7kVTJgPLifdr8WEU440fQec7qHoHOUz/oJ2jmNRqdDQ3rbiStOXb2mCDGTuwsK5OPUgYlQ==}
    dependencies:
      '@types/mdast': 4.0.3
      '@types/unist': 3.0.2
      longest-streak: 3.1.0
      mdast-util-phrasing: 4.1.0
      mdast-util-to-string: 4.0.0
      micromark-util-decode-string: 2.0.0
      unist-util-visit: 5.0.0
      zwitch: 2.0.4

  /mdast-util-to-string@4.0.0:
    resolution: {integrity: sha512-0H44vDimn51F0YwvxSJSm0eCDOJTRlmN0R1yBh4HLj9wiV1Dn0QoXGbvFAWj2hSItVTlCmBF1hqKlIyUBVFLPg==}
    dependencies:
      '@types/mdast': 4.0.3

  /merge2@1.4.1:
    resolution: {integrity: sha512-8q7VEgMJW4J8tcfVPy8g09NcQwZdbwFEqhe/WZkoIzjn/3TGDwtOCYtXGxA3O8tPzpczCCDgv+P2P5y00ZJOOg==}
    engines: {node: '>= 8'}
    dev: false

  /micromark-core-commonmark@2.0.0:
    resolution: {integrity: sha512-jThOz/pVmAYUtkroV3D5c1osFXAMv9e0ypGDOIZuCeAe91/sD6BoE2Sjzt30yuXtwOYUmySOhMas/PVyh02itA==}
    dependencies:
      decode-named-character-reference: 1.0.2
      devlop: 1.1.0
      micromark-factory-destination: 2.0.0
      micromark-factory-label: 2.0.0
      micromark-factory-space: 2.0.0
      micromark-factory-title: 2.0.0
      micromark-factory-whitespace: 2.0.0
      micromark-util-character: 2.1.0
      micromark-util-chunked: 2.0.0
      micromark-util-classify-character: 2.0.0
      micromark-util-html-tag-name: 2.0.0
      micromark-util-normalize-identifier: 2.0.0
      micromark-util-resolve-all: 2.0.0
      micromark-util-subtokenize: 2.0.0
      micromark-util-symbol: 2.0.0
      micromark-util-types: 2.0.0

  /micromark-extension-directive@3.0.0:
    resolution: {integrity: sha512-61OI07qpQrERc+0wEysLHMvoiO3s2R56x5u7glHq2Yqq6EHbH4dW25G9GfDdGCDYqA21KE6DWgNSzxSwHc2hSg==}
    dependencies:
      devlop: 1.1.0
      micromark-factory-space: 2.0.0
      micromark-factory-whitespace: 2.0.0
      micromark-util-character: 2.1.0
      micromark-util-symbol: 2.0.0
      micromark-util-types: 2.0.0
      parse-entities: 4.0.1
    dev: false

  /micromark-extension-frontmatter@2.0.0:
    resolution: {integrity: sha512-C4AkuM3dA58cgZha7zVnuVxBhDsbttIMiytjgsM2XbHAB2faRVaHRle40558FBN+DJcrLNCoqG5mlrpdU4cRtg==}
    dependencies:
      fault: 2.0.1
      micromark-util-character: 2.1.0
      micromark-util-symbol: 2.0.0
      micromark-util-types: 2.0.0
    dev: false

  /micromark-extension-math@3.0.0:
    resolution: {integrity: sha512-iJ2Q28vBoEovLN5o3GO12CpqorQRYDPT+p4zW50tGwTfJB+iv/VnB6Ini+gqa24K97DwptMBBIvVX6Bjk49oyQ==}
    dependencies:
      '@types/katex': 0.16.7
      devlop: 1.1.0
      katex: 0.16.9
      micromark-factory-space: 2.0.0
      micromark-util-character: 2.1.0
      micromark-util-symbol: 2.0.0
      micromark-util-types: 2.0.0
    dev: false

  /micromark-factory-destination@2.0.0:
    resolution: {integrity: sha512-j9DGrQLm/Uhl2tCzcbLhy5kXsgkHUrjJHg4fFAeoMRwJmJerT9aw4FEhIbZStWN8A3qMwOp1uzHr4UL8AInxtA==}
    dependencies:
      micromark-util-character: 2.1.0
      micromark-util-symbol: 2.0.0
      micromark-util-types: 2.0.0

  /micromark-factory-label@2.0.0:
    resolution: {integrity: sha512-RR3i96ohZGde//4WSe/dJsxOX6vxIg9TimLAS3i4EhBAFx8Sm5SmqVfR8E87DPSR31nEAjZfbt91OMZWcNgdZw==}
    dependencies:
      devlop: 1.1.0
      micromark-util-character: 2.1.0
      micromark-util-symbol: 2.0.0
      micromark-util-types: 2.0.0

  /micromark-factory-space@2.0.0:
    resolution: {integrity: sha512-TKr+LIDX2pkBJXFLzpyPyljzYK3MtmllMUMODTQJIUfDGncESaqB90db9IAUcz4AZAJFdd8U9zOp9ty1458rxg==}
    dependencies:
      micromark-util-character: 2.1.0
      micromark-util-types: 2.0.0

  /micromark-factory-title@2.0.0:
    resolution: {integrity: sha512-jY8CSxmpWLOxS+t8W+FG3Xigc0RDQA9bKMY/EwILvsesiRniiVMejYTE4wumNc2f4UbAa4WsHqe3J1QS1sli+A==}
    dependencies:
      micromark-factory-space: 2.0.0
      micromark-util-character: 2.1.0
      micromark-util-symbol: 2.0.0
      micromark-util-types: 2.0.0

  /micromark-factory-whitespace@2.0.0:
    resolution: {integrity: sha512-28kbwaBjc5yAI1XadbdPYHX/eDnqaUFVikLwrO7FDnKG7lpgxnvk/XGRhX/PN0mOZ+dBSZ+LgunHS+6tYQAzhA==}
    dependencies:
      micromark-factory-space: 2.0.0
      micromark-util-character: 2.1.0
      micromark-util-symbol: 2.0.0
      micromark-util-types: 2.0.0

  /micromark-util-character@2.1.0:
    resolution: {integrity: sha512-KvOVV+X1yLBfs9dCBSopq/+G1PcgT3lAK07mC4BzXi5E7ahzMAF8oIupDDJ6mievI6F+lAATkbQQlQixJfT3aQ==}
    dependencies:
      micromark-util-symbol: 2.0.0
      micromark-util-types: 2.0.0

  /micromark-util-chunked@2.0.0:
    resolution: {integrity: sha512-anK8SWmNphkXdaKgz5hJvGa7l00qmcaUQoMYsBwDlSKFKjc6gjGXPDw3FNL3Nbwq5L8gE+RCbGqTw49FK5Qyvg==}
    dependencies:
      micromark-util-symbol: 2.0.0

  /micromark-util-classify-character@2.0.0:
    resolution: {integrity: sha512-S0ze2R9GH+fu41FA7pbSqNWObo/kzwf8rN/+IGlW/4tC6oACOs8B++bh+i9bVyNnwCcuksbFwsBme5OCKXCwIw==}
    dependencies:
      micromark-util-character: 2.1.0
      micromark-util-symbol: 2.0.0
      micromark-util-types: 2.0.0

  /micromark-util-combine-extensions@2.0.0:
    resolution: {integrity: sha512-vZZio48k7ON0fVS3CUgFatWHoKbbLTK/rT7pzpJ4Bjp5JjkZeasRfrS9wsBdDJK2cJLHMckXZdzPSSr1B8a4oQ==}
    dependencies:
      micromark-util-chunked: 2.0.0
      micromark-util-types: 2.0.0

  /micromark-util-decode-numeric-character-reference@2.0.1:
    resolution: {integrity: sha512-bmkNc7z8Wn6kgjZmVHOX3SowGmVdhYS7yBpMnuMnPzDq/6xwVA604DuOXMZTO1lvq01g+Adfa0pE2UKGlxL1XQ==}
    dependencies:
      micromark-util-symbol: 2.0.0

  /micromark-util-decode-string@2.0.0:
    resolution: {integrity: sha512-r4Sc6leeUTn3P6gk20aFMj2ntPwn6qpDZqWvYmAG6NgvFTIlj4WtrAudLi65qYoaGdXYViXYw2pkmn7QnIFasA==}
    dependencies:
      decode-named-character-reference: 1.0.2
      micromark-util-character: 2.1.0
      micromark-util-decode-numeric-character-reference: 2.0.1
      micromark-util-symbol: 2.0.0

  /micromark-util-encode@2.0.0:
    resolution: {integrity: sha512-pS+ROfCXAGLWCOc8egcBvT0kf27GoWMqtdarNfDcjb6YLuV5cM3ioG45Ys2qOVqeqSbjaKg72vU+Wby3eddPsA==}

  /micromark-util-html-tag-name@2.0.0:
    resolution: {integrity: sha512-xNn4Pqkj2puRhKdKTm8t1YHC/BAjx6CEwRFXntTaRf/x16aqka6ouVoutm+QdkISTlT7e2zU7U4ZdlDLJd2Mcw==}

  /micromark-util-normalize-identifier@2.0.0:
    resolution: {integrity: sha512-2xhYT0sfo85FMrUPtHcPo2rrp1lwbDEEzpx7jiH2xXJLqBuy4H0GgXk5ToU8IEwoROtXuL8ND0ttVa4rNqYK3w==}
    dependencies:
      micromark-util-symbol: 2.0.0

  /micromark-util-resolve-all@2.0.0:
    resolution: {integrity: sha512-6KU6qO7DZ7GJkaCgwBNtplXCvGkJToU86ybBAUdavvgsCiG8lSSvYxr9MhwmQ+udpzywHsl4RpGJsYWG1pDOcA==}
    dependencies:
      micromark-util-types: 2.0.0

  /micromark-util-sanitize-uri@2.0.0:
    resolution: {integrity: sha512-WhYv5UEcZrbAtlsnPuChHUAsu/iBPOVaEVsntLBIdpibO0ddy8OzavZz3iL2xVvBZOpolujSliP65Kq0/7KIYw==}
    dependencies:
      micromark-util-character: 2.1.0
      micromark-util-encode: 2.0.0
      micromark-util-symbol: 2.0.0

  /micromark-util-subtokenize@2.0.0:
    resolution: {integrity: sha512-vc93L1t+gpR3p8jxeVdaYlbV2jTYteDje19rNSS/H5dlhxUYll5Fy6vJ2cDwP8RnsXi818yGty1ayP55y3W6fg==}
    dependencies:
      devlop: 1.1.0
      micromark-util-chunked: 2.0.0
      micromark-util-symbol: 2.0.0
      micromark-util-types: 2.0.0

  /micromark-util-symbol@2.0.0:
    resolution: {integrity: sha512-8JZt9ElZ5kyTnO94muPxIGS8oyElRJaiJO8EzV6ZSyGQ1Is8xwl4Q45qU5UOg+bGH4AikWziz0iN4sFLWs8PGw==}

  /micromark-util-types@2.0.0:
    resolution: {integrity: sha512-oNh6S2WMHWRZrmutsRmDDfkzKtxF+bc2VxLC9dvtrDIRFln627VsFP6fLMgTryGDljgLPjkrzQSDcPrjPyDJ5w==}

  /micromark@4.0.0:
    resolution: {integrity: sha512-o/sd0nMof8kYff+TqcDx3VSrgBTcZpSvYcAHIfHhv5VAuNmisCxjhx6YmxS8PFEpb9z5WKWKPdzf0jM23ro3RQ==}
    dependencies:
      '@types/debug': 4.1.12
      debug: 4.3.4
      decode-named-character-reference: 1.0.2
      devlop: 1.1.0
      micromark-core-commonmark: 2.0.0
      micromark-factory-space: 2.0.0
      micromark-util-character: 2.1.0
      micromark-util-chunked: 2.0.0
      micromark-util-combine-extensions: 2.0.0
      micromark-util-decode-numeric-character-reference: 2.0.1
      micromark-util-encode: 2.0.0
      micromark-util-normalize-identifier: 2.0.0
      micromark-util-resolve-all: 2.0.0
      micromark-util-sanitize-uri: 2.0.0
      micromark-util-subtokenize: 2.0.0
      micromark-util-symbol: 2.0.0
      micromark-util-types: 2.0.0
    transitivePeerDependencies:
      - supports-color

  /micromatch@4.0.5:
    resolution: {integrity: sha512-DMy+ERcEW2q8Z2Po+WNXuw3c5YaUSFjAO5GsJqfEl7UjvtIuFKO6ZrKvcItdy98dwFI2N1tg3zNIdKaQT+aNdA==}
    engines: {node: '>=8.6'}
    dependencies:
      braces: 3.0.2
      picomatch: 2.3.1
    dev: false

  /motion@10.17.0:
    resolution: {integrity: sha512-yBHYkrnJRiomuo88YQzG/v+nzFXKNlKw/Hh7uy8AV7nrYHnE07O6PEECShGbFmZvLrAOGc9qKzEDYmspDYjNWw==}
    dependencies:
      '@motionone/animation': 10.17.0
      '@motionone/dom': 10.17.0
      '@motionone/types': 10.17.0
      '@motionone/utils': 10.17.0
    dev: false

  /ms@2.1.2:
    resolution: {integrity: sha512-sGkPx+VjMtmA6MX27oA4FBFELFCZZ4S4XqeGOXCv68tT+jb3vk/RyaKWP0PTKyWtmLSM0b+adUTEvbs1PEaH2w==}

  /nth-check@2.1.1:
    resolution: {integrity: sha512-lqjrjmaOoAnWfMmBPL+XNnynZh2+swxiX3WUE0s4yEHI6m+AwrK2UZOimIRl3X/4QctVqS8AiZjFqyOGrMXb/w==}
    dependencies:
      boolbase: 1.0.0
    dev: false

  /parse-entities@4.0.1:
    resolution: {integrity: sha512-SWzvYcSJh4d/SGLIOQfZ/CoNv6BTlI6YEQ7Nj82oDVnRpwe/Z/F1EMx42x3JAOwGBlCjeCH0BRJQbQ/opHL17w==}
    dependencies:
      '@types/unist': 2.0.10
      character-entities: 2.0.2
      character-entities-legacy: 3.0.0
      character-reference-invalid: 2.0.1
      decode-named-character-reference: 1.0.2
      is-alphanumerical: 2.0.1
      is-decimal: 2.0.1
      is-hexadecimal: 2.0.1

  /parse5@7.1.2:
    resolution: {integrity: sha512-Czj1WaSVpaoj0wbhMzLmWD69anp2WH7FXMB9n1Sy8/ZFF9jolSQVMu1Ij5WIyGmcBmhk7EOndpO4mIpihVqAXw==}
    dependencies:
      entities: 4.5.0
    dev: false

  /path-type@5.0.0:
    resolution: {integrity: sha512-5HviZNaZcfqP95rwpv+1HDgUamezbqdSYTyzjTvwtJSnIH+3vnbmWsItli8OFEndS984VT55M3jduxZbX351gg==}
    engines: {node: '>=12'}
    dev: false

  /picomatch@2.3.1:
    resolution: {integrity: sha512-JU3teHTNjmE2VCGFzuY8EXzCDVwEqB2a8fsIvwaStHhAWJEeVd1o1QD80CU6+ZdEXXSLbSsuLwJjkCBWqRQUVA==}
    engines: {node: '>=8.6'}
    dev: false

  /prettier@3.2.5:
    resolution: {integrity: sha512-3/GWa9aOC0YeD7LUfvOG2NiDyhOWRvt1k+rcKhOuYnMY24iiCphgneUfJDyFXd6rZCAnuLBv6UeAULtrhT/F4A==}
    engines: {node: '>=14'}
    hasBin: true
    dev: true

  /property-information@6.4.1:
    resolution: {integrity: sha512-OHYtXfu5aI2sS2LWFSN5rgJjrQ4pCy8i1jubJLe2QvMF8JJ++HXTUIVWFLfXJoaOfvYYjk2SN8J2wFUWIGXT4w==}
    dev: false

  /queue-microtask@1.2.3:
    resolution: {integrity: sha512-NuaNSa6flKT5JaSYQzJok04JzTL1CA6aGhv5rfLW3PgqA+M2ChpZQnAC8h8i4ZFkBS8X5RqkDBHA7r4hej3K9A==}
    dev: false

  /rehype-katex@7.0.0:
    resolution: {integrity: sha512-h8FPkGE00r2XKU+/acgqwWUlyzve1IiOKwsEkg4pDL3k48PiE0Pt+/uLtVHDVkN1yA4iurZN6UES8ivHVEQV6Q==}
    dependencies:
      '@types/hast': 3.0.4
      '@types/katex': 0.16.7
      hast-util-from-html-isomorphic: 2.0.0
      hast-util-to-text: 4.0.0
      katex: 0.16.9
      unist-util-visit-parents: 6.0.1
      vfile: 6.0.1
    dev: false

  /remark-directive@3.0.0:
    resolution: {integrity: sha512-l1UyWJ6Eg1VPU7Hm/9tt0zKtReJQNOA4+iDMAxTyZNWnJnFlbS/7zhiel/rogTLQ2vMYwDzSJa4BiVNqGlqIMA==}
    dependencies:
      '@types/mdast': 4.0.3
      mdast-util-directive: 3.0.0
      micromark-extension-directive: 3.0.0
      unified: 11.0.4
    transitivePeerDependencies:
      - supports-color
    dev: false

  /remark-frontmatter@5.0.0:
    resolution: {integrity: sha512-XTFYvNASMe5iPN0719nPrdItC9aU0ssC4v14mH1BCi1u0n1gAocqcujWUrByftZTbLhRtiKRyjYTSIOcr69UVQ==}
    dependencies:
      '@types/mdast': 4.0.3
      mdast-util-frontmatter: 2.0.1
      micromark-extension-frontmatter: 2.0.0
      unified: 11.0.4
    transitivePeerDependencies:
      - supports-color
    dev: false

  /remark-math@6.0.0:
    resolution: {integrity: sha512-MMqgnP74Igy+S3WwnhQ7kqGlEerTETXMvJhrUzDikVZ2/uogJCb+WHUg97hK9/jcfc0dkD73s3LN8zU49cTEtA==}
    dependencies:
      '@types/mdast': 4.0.3
      mdast-util-math: 3.0.0
      micromark-extension-math: 3.0.0
      unified: 11.0.4
    transitivePeerDependencies:
      - supports-color
    dev: false

  /remark-parse@11.0.0:
    resolution: {integrity: sha512-FCxlKLNGknS5ba/1lmpYijMUzX2esxW5xQqjWxw2eHFfS2MSdaHVINFmhjo+qN1WhZhNimq0dZATN9pH0IDrpA==}
    dependencies:
      '@types/mdast': 4.0.3
      mdast-util-from-markdown: 2.0.0
      micromark-util-types: 2.0.0
      unified: 11.0.4
    transitivePeerDependencies:
      - supports-color
    dev: true

  /remark-stringify@11.0.0:
    resolution: {integrity: sha512-1OSmLd3awB/t8qdoEOMazZkNsfVTeY4fTsgzcQFdXNq8ToTN4ZGwrMnlda4K6smTFKD+GRV6O48i6Z4iKgPPpw==}
    dependencies:
      '@types/mdast': 4.0.3
      mdast-util-to-markdown: 2.1.0
      unified: 11.0.4
    dev: true

  /remark@15.0.1:
    resolution: {integrity: sha512-Eht5w30ruCXgFmxVUSlNWQ9iiimq07URKeFS3hNc8cUWy1llX4KDWfyEDZRycMc+znsN9Ux5/tJ/BFdgdOwA3A==}
    dependencies:
      '@types/mdast': 4.0.3
      remark-parse: 11.0.0
      remark-stringify: 11.0.0
      unified: 11.0.4
    transitivePeerDependencies:
      - supports-color
    dev: true

  /reusify@1.0.4:
    resolution: {integrity: sha512-U9nH88a3fc/ekCF1l0/UP1IosiuIjyTh7hBvXVMHYgVcfGvt897Xguj2UOLDeI5BG2m7/uwyaLVT6fbtCwTyzw==}
    engines: {iojs: '>=1.0.0', node: '>=0.10.0'}
    dev: false

  /run-parallel@1.2.0:
    resolution: {integrity: sha512-5l4VyZR86LZ/lDxZTR6jqL8AFE2S0IFLMP26AbjsLVADxHdhB/c0GUsH+y39UfCi3dzz8OlQuPmnaJOMoDHQBA==}
    dependencies:
      queue-microtask: 1.2.3
    dev: false

  /slash@5.1.0:
    resolution: {integrity: sha512-ZA6oR3T/pEyuqwMgAKT0/hAv8oAXckzbkmR0UkUosQ+Mc4RxGoJkRmwHgHufaenlyAgE1Mxgpdcrf75y6XcnDg==}
    engines: {node: '>=14.16'}
    dev: false

  /space-separated-tokens@2.0.2:
    resolution: {integrity: sha512-PEGlAwrG8yXGXRjW32fGbg66JAlOAwbObuqVoJpv/mRgoWDQfgH1wDPvtzWyUSNAXBGSk8h755YDbbcEy3SH2Q==}
    dev: false

  /stringify-entities@4.0.3:
    resolution: {integrity: sha512-BP9nNHMhhfcMbiuQKCqMjhDP5yBCAxsPu4pHFFzJ6Alo9dZgY4VLDPutXqIjpRiMoKdp7Av85Gr73Q5uH9k7+g==}
    dependencies:
      character-entities-html4: 2.1.0
      character-entities-legacy: 3.0.0

  /to-regex-range@5.0.1:
    resolution: {integrity: sha512-65P7iz6X5yEr1cwcgvQxbbIw7Uk3gOy5dIdtZ4rDveLqhrdJP+Li/Hx6tyK0NEb+2GCyneCMJiGqrADCSNk8sQ==}
    engines: {node: '>=8.0'}
    dependencies:
      is-number: 7.0.0
    dev: false

  /trough@2.2.0:
    resolution: {integrity: sha512-tmMpK00BjZiUyVyvrBK7knerNgmgvcV/KLVyuma/SC+TQN167GrMRciANTz09+k3zW8L8t60jWO1GpfkZdjTaw==}

  /tslib@2.6.2:
    resolution: {integrity: sha512-AEYxH93jGFPn/a2iVAwW87VuUIkR1FVUKB77NwMF7nBTDkDrrT/Hpt/IrCJ0QXhW27jTBDcf5ZY7w6RiqTMw2Q==}
    dev: false

  /typescript@5.3.3:
    resolution: {integrity: sha512-pXWcraxM0uxAS+tN0AG/BF2TyqmHO014Z070UsJ+pFvYuRSq8KH8DmWpnbXe0pEPDHXZV3FcAbJkijJ5oNEnWw==}
    engines: {node: '>=14.17'}
    hasBin: true
    dev: true

  /undici-types@5.26.5:
    resolution: {integrity: sha512-JlCMO+ehdEIKqlFxk6IfVoAUVmgz7cU7zD/h9XZ0qzeosSHmUJVOzSQvvYSYWXkFXC+IfLKSIffhv0sVZup6pA==}
    dev: true

  /unicorn-magic@0.1.0:
    resolution: {integrity: sha512-lRfVq8fE8gz6QMBuDM6a+LO3IAzTi05H6gCVaUpir2E1Rwpo4ZUog45KpNXKC/Mn3Yb9UDuHumeFTo9iV/D9FQ==}
    engines: {node: '>=18'}
    dev: false

  /unified@11.0.4:
    resolution: {integrity: sha512-apMPnyLjAX+ty4OrNap7yumyVAMlKx5IWU2wlzzUdYJO9A8f1p9m/gywF/GM2ZDFcjQPrx59Mc90KwmxsoklxQ==}
    dependencies:
      '@types/unist': 3.0.2
      bail: 2.0.2
      devlop: 1.1.0
      extend: 3.0.2
      is-plain-obj: 4.1.0
      trough: 2.2.0
      vfile: 6.0.1

  /unist-util-find-after@5.0.0:
    resolution: {integrity: sha512-amQa0Ep2m6hE2g72AugUItjbuM8X8cGQnFoHk0pGfrFeT9GZhzN5SW8nRsiGKK7Aif4CrACPENkA6P/Lw6fHGQ==}
    dependencies:
      '@types/unist': 3.0.2
      unist-util-is: 6.0.0
    dev: false

  /unist-util-is@6.0.0:
    resolution: {integrity: sha512-2qCTHimwdxLfz+YzdGfkqNlH0tLi9xjTnHddPmJwtIG9MGsdbutfTc4P+haPD7l7Cjxf/WZj+we5qfVPvvxfYw==}
    dependencies:
      '@types/unist': 3.0.2

  /unist-util-remove-position@5.0.0:
    resolution: {integrity: sha512-Hp5Kh3wLxv0PHj9m2yZhhLt58KzPtEYKQQ4yxfYFEO7EvHwzyDYnduhHnY1mDxoqr7VUwVuHXk9RXKIiYS1N8Q==}
    dependencies:
      '@types/unist': 3.0.2
      unist-util-visit: 5.0.0
    dev: false

  /unist-util-select@5.1.0:
    resolution: {integrity: sha512-4A5mfokSHG/rNQ4g7gSbdEs+H586xyd24sdJqF1IWamqrLHvYb+DH48fzxowyOhOfK7YSqX+XlCojAyuuyyT2A==}
    dependencies:
      '@types/unist': 3.0.2
      css-selector-parser: 3.0.5
      devlop: 1.1.0
      nth-check: 2.1.1
      zwitch: 2.0.4
    dev: false

  /unist-util-stringify-position@4.0.0:
    resolution: {integrity: sha512-0ASV06AAoKCDkS2+xw5RXJywruurpbC4JZSm7nr7MOt1ojAzvyyaO+UxZf18j8FCF6kmzCZKcAgN/yu2gm2XgQ==}
    dependencies:
      '@types/unist': 3.0.2

  /unist-util-visit-parents@6.0.1:
    resolution: {integrity: sha512-L/PqWzfTP9lzzEa6CKs0k2nARxTdZduw3zyh8d2NVBnsyvHjSX4TWse388YrrQKbvI8w20fGjGlhgT96WwKykw==}
    dependencies:
      '@types/unist': 3.0.2
      unist-util-is: 6.0.0

  /unist-util-visit@5.0.0:
    resolution: {integrity: sha512-MR04uvD+07cwl/yhVuVWAtw+3GOR/knlL55Nd/wAdblk27GCVt3lqpTivy/tkJcZoNPzTwS1Y+KMojlLDhoTzg==}
    dependencies:
      '@types/unist': 3.0.2
      unist-util-is: 6.0.0
      unist-util-visit-parents: 6.0.1

  /vfile-location@5.0.2:
    resolution: {integrity: sha512-NXPYyxyBSH7zB5U6+3uDdd6Nybz6o6/od9rk8bp9H8GR3L+cm/fC0uUTbqBmUTnMCUDslAGBOIKNfvvb+gGlDg==}
    dependencies:
      '@types/unist': 3.0.2
      vfile: 6.0.1
    dev: false

  /vfile-message@4.0.2:
    resolution: {integrity: sha512-jRDZ1IMLttGj41KcZvlrYAaI3CfqpLpfpf+Mfig13viT6NKvRzWZ+lXz0Y5D60w6uJIBAOGq9mSHf0gktF0duw==}
    dependencies:
      '@types/unist': 3.0.2
      unist-util-stringify-position: 4.0.0

  /vfile@6.0.1:
    resolution: {integrity: sha512-1bYqc7pt6NIADBJ98UiG0Bn/CHIVOoZ/IyEkqIruLg0mE1BKzkOXY2D6CSqQIcKqgadppE5lrxgWXJmXd7zZJw==}
    dependencies:
      '@types/unist': 3.0.2
      unist-util-stringify-position: 4.0.0
      vfile-message: 4.0.2

  /web-namespaces@2.0.1:
    resolution: {integrity: sha512-bKr1DkiNa2krS7qxNtdrtHAmzuYGFQLiQ13TsorsdT6ULTkPLKuu5+GsFpDlg6JFjUTwX2DyhMPG2be8uPrqsQ==}
    dev: false

  /yaml@2.4.2:
    resolution: {integrity: sha512-B3VqDZ+JAg1nZpaEmWtTXUlBneoGx6CPM9b0TENK6aoSu5t73dItudwdgmi6tHlIZZId4dZ9skcAQ2UbcyAeVA==}
    engines: {node: '>= 14'}
    hasBin: true
    dev: false

  /zwitch@2.0.4:
    resolution: {integrity: sha512-bXE4cR/kVZhKZX/RjPEflHaKVhUVl85noU3v6b8apfQEc1x4A+zBxjZ4lN8LqGd6WZ3dl98pY4o717VFmoPp+A==}
